// !$*UTF8*$!
{
	archiveVersion = 1;
	classes = {
	};
	objectVersion = 50;
	objects = {

/* Begin PBXBuildFile section */
		4A01FE9D5C97B363C02EB23F /* Pods_RxBindUI.framework in Frameworks */ = {isa = PBXBuildFile; fileRef = 6222E2243007F90F06A07C2D /* Pods_RxBindUI.framework */; };
		C5ABF7DF20FE168000D171F8 /* AppDelegate.swift in Sources */ = {isa = PBXBuildFile; fileRef = C5ABF7DE20FE168000D171F8 /* AppDelegate.swift */; };
		C5ABF7E120FE168000D171F8 /* ViewController.swift in Sources */ = {isa = PBXBuildFile; fileRef = C5ABF7E020FE168000D171F8 /* ViewController.swift */; };
		C5ABF7E420FE168000D171F8 /* Main.storyboard in Resources */ = {isa = PBXBuildFile; fileRef = C5ABF7E220FE168000D171F8 /* Main.storyboard */; };
		C5ABF7E620FE168000D171F8 /* Assets.xcassets in Resources */ = {isa = PBXBuildFile; fileRef = C5ABF7E520FE168000D171F8 /* Assets.xcassets */; };
		C5ABF7E920FE168000D171F8 /* LaunchScreen.storyboard in Resources */ = {isa = PBXBuildFile; fileRef = C5ABF7E720FE168000D171F8 /* LaunchScreen.storyboard */; };
		C5ABF7F120FF14DC00D171F8 /* UIBindingViewController.swift in Sources */ = {isa = PBXBuildFile; fileRef = C5ABF7F020FF14DC00D171F8 /* UIBindingViewController.swift */; };
/* End PBXBuildFile section */

/* Begin PBXFileReference section */
		107B248269CB6B407E3AA0E5 /* Pods-RxBindUI.release.xcconfig */ = {isa = PBXFileReference; includeInIndex = 1; lastKnownFileType = text.xcconfig; name = "Pods-RxBindUI.release.xcconfig"; path = "Pods/Target Support Files/Pods-RxBindUI/Pods-RxBindUI.release.xcconfig"; sourceTree = "<group>"; };
		6222E2243007F90F06A07C2D /* Pods_RxBindUI.framework */ = {isa = PBXFileReference; explicitFileType = wrapper.framework; includeInIndex = 0; path = Pods_RxBindUI.framework; sourceTree = BUILT_PRODUCTS_DIR; };
		AF67C9A3D815956844DC201A /* Pods-RxBindUI.debug.xcconfig */ = {isa = PBXFileReference; includeInIndex = 1; lastKnownFileType = text.xcconfig; name = "Pods-RxBindUI.debug.xcconfig"; path = "Pods/Target Support Files/Pods-RxBindUI/Pods-RxBindUI.debug.xcconfig"; sourceTree = "<group>"; };
		C5ABF7DB20FE168000D171F8 /* RxBindUI.app */ = {isa = PBXFileReference; explicitFileType = wrapper.application; includeInIndex = 0; path = RxBindUI.app; sourceTree = BUILT_PRODUCTS_DIR; };
		C5ABF7DE20FE168000D171F8 /* AppDelegate.swift */ = {isa = PBXFileReference; lastKnownFileType = sourcecode.swift; path = AppDelegate.swift; sourceTree = "<group>"; };
		C5ABF7E020FE168000D171F8 /* ViewController.swift */ = {isa = PBXFileReference; lastKnownFileType = sourcecode.swift; path = ViewController.swift; sourceTree = "<group>"; };
		C5ABF7E320FE168000D171F8 /* Base */ = {isa = PBXFileReference; lastKnownFileType = file.storyboard; name = Base; path = Base.lproj/Main.storyboard; sourceTree = "<group>"; };
		C5ABF7E520FE168000D171F8 /* Assets.xcassets */ = {isa = PBXFileReference; lastKnownFileType = folder.assetcatalog; path = Assets.xcassets; sourceTree = "<group>"; };
		C5ABF7E820FE168000D171F8 /* Base */ = {isa = PBXFileReference; lastKnownFileType = file.storyboard; name = Base; path = Base.lproj/LaunchScreen.storyboard; sourceTree = "<group>"; };
		C5ABF7EA20FE168000D171F8 /* Info.plist */ = {isa = PBXFileReference; lastKnownFileType = text.plist.xml; path = Info.plist; sourceTree = "<group>"; };
		C5ABF7F020FF14DC00D171F8 /* UIBindingViewController.swift */ = {isa = PBXFileReference; lastKnownFileType = sourcecode.swift; path = UIBindingViewController.swift; sourceTree = "<group>"; };
/* End PBXFileReference section */

/* Begin PBXFrameworksBuildPhase section */
		C5ABF7D820FE168000D171F8 /* Frameworks */ = {
			isa = PBXFrameworksBuildPhase;
			buildActionMask = 2147483647;
			files = (
				4A01FE9D5C97B363C02EB23F /* Pods_RxBindUI.framework in Frameworks */,
			);
			runOnlyForDeploymentPostprocessing = 0;
		};
/* End PBXFrameworksBuildPhase section */

/* Begin PBXGroup section */
		140E5924803BCD99F0CEE287 /* Frameworks */ = {
			isa = PBXGroup;
			children = (
				6222E2243007F90F06A07C2D /* Pods_RxBindUI.framework */,
			);
			name = Frameworks;
			sourceTree = "<group>";
		};
		991DC063B31E8CCFA0DA4180 /* Pods */ = {
			isa = PBXGroup;
			children = (
				AF67C9A3D815956844DC201A /* Pods-RxBindUI.debug.xcconfig */,
				107B248269CB6B407E3AA0E5 /* Pods-RxBindUI.release.xcconfig */,
			);
			name = Pods;
			sourceTree = "<group>";
		};
		C5ABF7D220FE168000D171F8 = {
			isa = PBXGroup;
			children = (
				C5ABF7DD20FE168000D171F8 /* RxBindUI */,
				C5ABF7DC20FE168000D171F8 /* Products */,
				991DC063B31E8CCFA0DA4180 /* Pods */,
				140E5924803BCD99F0CEE287 /* Frameworks */,
			);
			sourceTree = "<group>";
		};
		C5ABF7DC20FE168000D171F8 /* Products */ = {
			isa = PBXGroup;
			children = (
				C5ABF7DB20FE168000D171F8 /* RxBindUI.app */,
			);
			name = Products;
			sourceTree = "<group>";
		};
		C5ABF7DD20FE168000D171F8 /* RxBindUI */ = {
			isa = PBXGroup;
			children = (
				C5ABF7DE20FE168000D171F8 /* AppDelegate.swift */,
				C5ABF7E020FE168000D171F8 /* ViewController.swift */,
				C5ABF7F020FF14DC00D171F8 /* UIBindingViewController.swift */,
				C5ABF7E220FE168000D171F8 /* Main.storyboard */,
				C5ABF7E520FE168000D171F8 /* Assets.xcassets */,
				C5ABF7E720FE168000D171F8 /* LaunchScreen.storyboard */,
				C5ABF7EA20FE168000D171F8 /* Info.plist */,
			);
			path = RxBindUI;
			sourceTree = "<group>";
		};
/* End PBXGroup section */

/* Begin PBXNativeTarget section */
		C5ABF7DA20FE168000D171F8 /* RxBindUI */ = {
			isa = PBXNativeTarget;
			buildConfigurationList = C5ABF7ED20FE168000D171F8 /* Build configuration list for PBXNativeTarget "RxBindUI" */;
			buildPhases = (
				4E88D1C271F61350416B4E27 /* [CP] Check Pods Manifest.lock */,
				C5ABF7D720FE168000D171F8 /* Sources */,
				C5ABF7D820FE168000D171F8 /* Frameworks */,
				C5ABF7D920FE168000D171F8 /* Resources */,
				A4B1C2A558062BBD39C08DF4 /* [CP] Embed Pods Frameworks */,
			);
			buildRules = (
			);
			dependencies = (
			);
			name = RxBindUI;
			productName = RxBindUI;
			productReference = C5ABF7DB20FE168000D171F8 /* RxBindUI.app */;
			productType = "com.apple.product-type.application";
		};
/* End PBXNativeTarget section */

/* Begin PBXProject section */
		C5ABF7D320FE168000D171F8 /* Project object */ = {
			isa = PBXProject;
			attributes = {
				LastSwiftUpdateCheck = 0940;
				LastUpgradeCheck = 0940;
				ORGANIZATIONNAME = "Serhii Haponov";
				TargetAttributes = {
					C5ABF7DA20FE168000D171F8 = {
						CreatedOnToolsVersion = 9.4.1;
					};
				};
			};
			buildConfigurationList = C5ABF7D620FE168000D171F8 /* Build configuration list for PBXProject "RxBindUI" */;
			compatibilityVersion = "Xcode 9.3";
			developmentRegion = en;
			hasScannedForEncodings = 0;
			knownRegions = (
				en,
				Base,
			);
			mainGroup = C5ABF7D220FE168000D171F8;
			productRefGroup = C5ABF7DC20FE168000D171F8 /* Products */;
			projectDirPath = "";
			projectRoot = "";
			targets = (
				C5ABF7DA20FE168000D171F8 /* RxBindUI */,
			);
		};
/* End PBXProject section */

/* Begin PBXResourcesBuildPhase section */
		C5ABF7D920FE168000D171F8 /* Resources */ = {
			isa = PBXResourcesBuildPhase;
			buildActionMask = 2147483647;
			files = (
				C5ABF7E920FE168000D171F8 /* LaunchScreen.storyboard in Resources */,
				C5ABF7E620FE168000D171F8 /* Assets.xcassets in Resources */,
				C5ABF7E420FE168000D171F8 /* Main.storyboard in Resources */,
			);
			runOnlyForDeploymentPostprocessing = 0;
		};
/* End PBXResourcesBuildPhase section */

/* Begin PBXShellScriptBuildPhase section */
		4E88D1C271F61350416B4E27 /* [CP] Check Pods Manifest.lock */ = {
			isa = PBXShellScriptBuildPhase;
			buildActionMask = 2147483647;
			files = (
			);
			inputPaths = (
				"${PODS_PODFILE_DIR_PATH}/Podfile.lock",
				"${PODS_ROOT}/Manifest.lock",
			);
			name = "[CP] Check Pods Manifest.lock";
			outputPaths = (
				"$(DERIVED_FILE_DIR)/Pods-RxBindUI-checkManifestLockResult.txt",
			);
			runOnlyForDeploymentPostprocessing = 0;
			shellPath = /bin/sh;
			shellScript = "diff \"${PODS_PODFILE_DIR_PATH}/Podfile.lock\" \"${PODS_ROOT}/Manifest.lock\" > /dev/null\nif [ $? != 0 ] ; then\n    # print error to STDERR\n    echo \"error: The sandbox is not in sync with the Podfile.lock. Run 'pod install' or update your CocoaPods installation.\" >&2\n    exit 1\nfi\n# This output is used by Xcode 'outputs' to avoid re-running this script phase.\necho \"SUCCESS\" > \"${SCRIPT_OUTPUT_FILE_0}\"\n";
			showEnvVarsInLog = 0;
		};
		A4B1C2A558062BBD39C08DF4 /* [CP] Embed Pods Frameworks */ = {
			isa = PBXShellScriptBuildPhase;
			buildActionMask = 2147483647;
			files = (
			);
			inputPaths = (
				"${SRCROOT}/Pods/Target Support Files/Pods-RxBindUI/Pods-RxBindUI-frameworks.sh",
				"${BUILT_PRODUCTS_DIR}/RxCocoa/RxCocoa.framework",
				"${BUILT_PRODUCTS_DIR}/RxSwift/RxSwift.framework",
			);
			name = "[CP] Embed Pods Frameworks";
			outputPaths = (
				"${TARGET_BUILD_DIR}/${FRAMEWORKS_FOLDER_PATH}/RxCocoa.framework",
				"${TARGET_BUILD_DIR}/${FRAMEWORKS_FOLDER_PATH}/RxSwift.framework",
			);
			runOnlyForDeploymentPostprocessing = 0;
			shellPath = /bin/sh;
			shellScript = "\"${SRCROOT}/Pods/Target Support Files/Pods-RxBindUI/Pods-RxBindUI-frameworks.sh\"\n";
			showEnvVarsInLog = 0;
		};
/* End PBXShellScriptBuildPhase section */

/* Begin PBXSourcesBuildPhase section */
		C5ABF7D720FE168000D171F8 /* Sources */ = {
			isa = PBXSourcesBuildPhase;
			buildActionMask = 2147483647;
			files = (
				C5ABF7E120FE168000D171F8 /* ViewController.swift in Sources */,
				C5ABF7F120FF14DC00D171F8 /* UIBindingViewController.swift in Sources */,
				C5ABF7DF20FE168000D171F8 /* AppDelegate.swift in Sources */,
			);
			runOnlyForDeploymentPostprocessing = 0;
		};
/* End PBXSourcesBuildPhase section */

/* Begin PBXVariantGroup section */
		C5ABF7E220FE168000D171F8 /* Main.storyboard */ = {
			isa = PBXVariantGroup;
			children = (
				C5ABF7E320FE168000D171F8 /* Base */,
			);
			name = Main.storyboard;
			sourceTree = "<group>";
		};
		C5ABF7E720FE168000D171F8 /* LaunchScreen.storyboard */ = {
			isa = PBXVariantGroup;
			children = (
				C5ABF7E820FE168000D171F8 /* Base */,
			);
			name = LaunchScreen.storyboard;
			sourceTree = "<group>";
		};
/* End PBXVariantGroup section */

/* Begin XCBuildConfiguration section */
		C5ABF7EB20FE168000D171F8 /* Debug */ = {
			isa = XCBuildConfiguration;
			buildSettings = {
				ALWAYS_SEARCH_USER_PATHS = NO;
				CLANG_ANALYZER_NONNULL = YES;
				CLANG_ANALYZER_NUMBER_OBJECT_CONVERSION = YES_AGGRESSIVE;
				CLANG_CXX_LANGUAGE_STANDARD = "gnu++14";
				CLANG_CXX_LIBRARY = "libc++";
				CLANG_ENABLE_MODULES = YES;
				CLANG_ENABLE_OBJC_ARC = YES;
				CLANG_ENABLE_OBJC_WEAK = YES;
				CLANG_WARN_BLOCK_CAPTURE_AUTORELEASING = YES;
				CLANG_WARN_BOOL_CONVERSION = YES;
				CLANG_WARN_COMMA = YES;
				CLANG_WARN_CONSTANT_CONVERSION = YES;
				CLANG_WARN_DEPRECATED_OBJC_IMPLEMENTATIONS = YES;
				CLANG_WARN_DIRECT_OBJC_ISA_USAGE = YES_ERROR;
				CLANG_WARN_DOCUMENTATION_COMMENTS = YES;
				CLANG_WARN_EMPTY_BODY = YES;
				CLANG_WARN_ENUM_CONVERSION = YES;
				CLANG_WARN_INFINITE_RECURSION = YES;
				CLANG_WARN_INT_CONVERSION = YES;
				CLANG_WARN_NON_LITERAL_NULL_CONVERSION = YES;
				CLANG_WARN_OBJC_IMPLICIT_RETAIN_SELF = YES;
				CLANG_WARN_OBJC_LITERAL_CONVERSION = YES;
				CLANG_WARN_OBJC_ROOT_CLASS = YES_ERROR;
				CLANG_WARN_RANGE_LOOP_ANALYSIS = YES;
				CLANG_WARN_STRICT_PROTOTYPES = YES;
				CLANG_WARN_SUSPICIOUS_MOVE = YES;
				CLANG_WARN_UNGUARDED_AVAILABILITY = YES_AGGRESSIVE;
				CLANG_WARN_UNREACHABLE_CODE = YES;
				CLANG_WARN__DUPLICATE_METHOD_MATCH = YES;
				CODE_SIGN_IDENTITY = "iPhone Developer";
				COPY_PHASE_STRIP = NO;
				DEBUG_INFORMATION_FORMAT = dwarf;
				ENABLE_STRICT_OBJC_MSGSEND = YES;
				ENABLE_TESTABILITY = YES;
				GCC_C_LANGUAGE_STANDARD = gnu11;
				GCC_DYNAMIC_NO_PIC = NO;
				GCC_NO_COMMON_BLOCKS = YES;
				GCC_OPTIMIZATION_LEVEL = 0;
				GCC_PREPROCESSOR_DEFINITIONS = (
					"DEBUG=1",
					"$(inherited)",
				);
				GCC_WARN_64_TO_32_BIT_CONVERSION = YES;
				GCC_WARN_ABOUT_RETURN_TYPE = YES_ERROR;
				GCC_WARN_UNDECLARED_SELECTOR = YES;
				GCC_WARN_UNINITIALIZED_AUTOS = YES_AGGRESSIVE;
				GCC_WARN_UNUSED_FUNCTION = YES;
				GCC_WARN_UNUSED_VARIABLE = YES;
				IPHONEOS_DEPLOYMENT_TARGET = 11.4;
				MTL_ENABLE_DEBUG_INFO = YES;
				ONLY_ACTIVE_ARCH = YES;
				SDKROOT = iphoneos;
				SWIFT_ACTIVE_COMPILATION_CONDITIONS = DEBUG;
				SWIFT_OPTIMIZATION_LEVEL = "-Onone";
			};
			name = Debug;
		};
		C5ABF7EC20FE168000D171F8 /* Release */ = {
			isa = XCBuildConfiguration;
			buildSettings = {
				ALWAYS_SEARCH_USER_PATHS = NO;
				CLANG_ANALYZER_NONNULL = YES;
				CLANG_ANALYZER_NUMBER_OBJECT_CONVERSION = YES_AGGRESSIVE;
				CLANG_CXX_LANGUAGE_STANDARD = "gnu++14";
				CLANG_CXX_LIBRARY = "libc++";
				CLANG_ENABLE_MODULES = YES;
				CLANG_ENABLE_OBJC_ARC = YES;
				CLANG_ENABLE_OBJC_WEAK = YES;
				CLANG_WARN_BLOCK_CAPTURE_AUTORELEASING = YES;
				CLANG_WARN_BOOL_CONVERSION = YES;
				CLANG_WARN_COMMA = YES;
				CLANG_WARN_CONSTANT_CONVERSION = YES;
				CLANG_WARN_DEPRECATED_OBJC_IMPLEMENTATIONS = YES;
				CLANG_WARN_DIRECT_OBJC_ISA_USAGE = YES_ERROR;
				CLANG_WARN_DOCUMENTATION_COMMENTS = YES;
				CLANG_WARN_EMPTY_BODY = YES;
				CLANG_WARN_ENUM_CONVERSION = YES;
				CLANG_WARN_INFINITE_RECURSION = YES;
				CLANG_WARN_INT_CONVERSION = YES;
				CLANG_WARN_NON_LITERAL_NULL_CONVERSION = YES;
				CLANG_WARN_OBJC_IMPLICIT_RETAIN_SELF = YES;
				CLANG_WARN_OBJC_LITERAL_CONVERSION = YES;
				CLANG_WARN_OBJC_ROOT_CLASS = YES_ERROR;
				CLANG_WARN_RANGE_LOOP_ANALYSIS = YES;
				CLANG_WARN_STRICT_PROTOTYPES = YES;
				CLANG_WARN_SUSPICIOUS_MOVE = YES;
				CLANG_WARN_UNGUARDED_AVAILABILITY = YES_AGGRESSIVE;
				CLANG_WARN_UNREACHABLE_CODE = YES;
				CLANG_WARN__DUPLICATE_METHOD_MATCH = YES;
				CODE_SIGN_IDENTITY = "iPhone Developer";
				COPY_PHASE_STRIP = NO;
				DEBUG_INFORMATION_FORMAT = "dwarf-with-dsym";
				ENABLE_NS_ASSERTIONS = NO;
				ENABLE_STRICT_OBJC_MSGSEND = YES;
				GCC_C_LANGUAGE_STANDARD = gnu11;
				GCC_NO_COMMON_BLOCKS = YES;
				GCC_WARN_64_TO_32_BIT_CONVERSION = YES;
				GCC_WARN_ABOUT_RETURN_TYPE = YES_ERROR;
				GCC_WARN_UNDECLARED_SELECTOR = YES;
				GCC_WARN_UNINITIALIZED_AUTOS = YES_AGGRESSIVE;
				GCC_WARN_UNUSED_FUNCTION = YES;
				GCC_WARN_UNUSED_VARIABLE = YES;
				IPHONEOS_DEPLOYMENT_TARGET = 11.4;
				MTL_ENABLE_DEBUG_INFO = NO;
				SDKROOT = iphoneos;
				SWIFT_COMPILATION_MODE = wholemodule;
				SWIFT_OPTIMIZATION_LEVEL = "-O";
				VALIDATE_PRODUCT = YES;
			};
			name = Release;
		};
		C5ABF7EE20FE168000D171F8 /* Debug */ = {
			isa = XCBuildConfiguration;
			baseConfigurationReference = AF67C9A3D815956844DC201A /* Pods-RxBindUI.debug.xcconfig */;
			buildSettings = {
				ASSETCATALOG_COMPILER_APPICON_NAME = AppIcon;
				CODE_SIGN_STYLE = Automatic;
				DEVELOPMENT_TEAM = FX7KZ75KQ4;
				INFOPLIST_FILE = RxBindUI/Info.plist;
				LD_RUNPATH_SEARCH_PATHS = (
					"$(inherited)",
					"@executable_path/Frameworks",
				);
				PRODUCT_BUNDLE_IDENTIFIER = "Serhii-Haponov.RxBindUI";
				PRODUCT_NAME = "$(TARGET_NAME)";
				SWIFT_VERSION = 4.0;
				TARGETED_DEVICE_FAMILY = "1,2";
			};
			name = Debug;
		};
		C5ABF7EF20FE168000D171F8 /* Release */ = {
			isa = XCBuildConfiguration;
			baseConfigurationReference = 107B248269CB6B407E3AA0E5 /* Pods-RxBindUI.release.xcconfig */;
			buildSettings = {
				ASSETCATALOG_COMPILER_APPICON_NAME = AppIcon;
				CODE_SIGN_STYLE = Automatic;
				DEVELOPMENT_TEAM = FX7KZ75KQ4;
				INFOPLIST_FILE = RxBindUI/Info.plist;
				LD_RUNPATH_SEARCH_PATHS = (
					"$(inherited)",
					"@executable_path/Frameworks",
				);
				PRODUCT_BUNDLE_IDENTIFIER = "Serhii-Haponov.RxBindUI";
				PRODUCT_NAME = "$(TARGET_NAME)";
				SWIFT_VERSION = 4.0;
				TARGETED_DEVICE_FAMILY = "1,2";
			};
			name = Release;
		};
/* End XCBuildConfiguration section */

/* Begin XCConfigurationList section */
		C5ABF7D620FE168000D171F8 /* Build configuration list for PBXProject "RxBindUI" */ = {
			isa = XCConfigurationList;
			buildConfigurations = (
				C5ABF7EB20FE168000D171F8 /* Debug */,
				C5ABF7EC20FE168000D171F8 /* Release */,
			);
			defaultConfigurationIsVisible = 0;
			defaultConfigurationName = Release;
		};
		C5ABF7ED20FE168000D171F8 /* Build configuration list for PBXNativeTarget "RxBindUI" */ = {
			isa = XCConfigurationList;
			buildConfigurations = (
				C5ABF7EE20FE168000D171F8 /* Debug */,
				C5ABF7EF20FE168000D171F8 /* Release */,
			);
			defaultConfigurationIsVisible = 0;
			defaultConfigurationName = Release;
		};
/* End XCConfigurationList section */
	};
	rootObject = C5ABF7D320FE168000D171F8 /* Project object */;
}
